
Microsoft Visual Studio Solution File, Format Version 12.00
# Visual Studio Version 17
VisualStudioVersion = 17.9.34701.34
MinimumVisualStudioVersion = 10.0.40219.1
Project("{2150E333-8FDC-42A3-9474-1A3956D46DE8}") = "Source", "Source", "{11221699-4694-4F64-A52E-4361460929A6}"
EndProject
Project("{2150E333-8FDC-42A3-9474-1A3956D46DE8}") = "Libraries", "Libraries", "{3AEC2428-B2B0-445A-8EE2-B5AD50322582}"
EndProject
Project("{2150E333-8FDC-42A3-9474-1A3956D46DE8}") = "Applications", "Applications", "{92B99618-9A9F-4C67-8749-AB6B53CDA9FF}"
EndProject
Project("{2150E333-8FDC-42A3-9474-1A3956D46DE8}") = "Deployments", "Deployments", "{394E7506-452D-45A8-976B-009640D1F879}"
EndProject
Project("{2150E333-8FDC-42A3-9474-1A3956D46DE8}") = "Documents", "Documents", "{4394DF8A-2C0D-41DA-A350-284A672D8FDF}"
	ProjectSection(SolutionItems) = preProject
		Documents\Aggregates.md = Documents\Aggregates.md
	EndProjectSection
EndProject
Project("{2150E333-8FDC-42A3-9474-1A3956D46DE8}") = "Solution Items", "Solution Items", "{BFEE94BF-4971-4B6D-B825-76975D0FCC71}"
	ProjectSection(SolutionItems) = preProject
		Error.txt = Error.txt
	EndProjectSection
EndProject
Project("{2150E333-8FDC-42A3-9474-1A3956D46DE8}") = "Tests", "Tests", "{89C4C9A9-F2D5-4766-845C-CFFC206C2D77}"
EndProject
Project("{9A19103F-16F7-4668-BE54-9A1E7A4F7556}") = "DataPipelineTests", "Tests\DataPipelineTests\DataPipelineTests.csproj", "{06A5091B-3D23-43A0-B865-CEEE9A45A6BA}"
EndProject
Project("{9A19103F-16F7-4668-BE54-9A1E7A4F7556}") = "Blazr.EditStateTracker", "Source\Libraries\Blazr.EditStateTracker\Blazr.EditStateTracker.csproj", "{94E008AE-C7E5-4109-B7DB-64ADEDBA180C}"
EndProject
Project("{FAE04EC0-301F-11D3-BF4B-00C04F79EFBC}") = "Blazor.Antimony", "Source\Libraries\Blazor.Antimony\Blazor.Antimony.csproj", "{01AFC482-8851-45BB-8BF5-69A3D4286F63}"
EndProject
Project("{FAE04EC0-301F-11D3-BF4B-00C04F79EFBC}") = "Blazr.Antimony.Server", "Source\Libraries\Blazr.Antimony.Server\Blazr.Antimony.Server.csproj", "{5D62D021-DE9D-4D26-8BB9-26712E2EB1D6}"
EndProject
Project("{FAE04EC0-301F-11D3-BF4B-00C04F79EFBC}") = "Blazr.FluentValidation", "Source\Libraries\Blazr.FluentValidation\Blazr.FluentValidation.csproj", "{BADC69C1-446A-4450-ADF4-7E77077F03A1}"
EndProject
Project("{FAE04EC0-301F-11D3-BF4B-00C04F79EFBC}") = "Blazr.Gallium", "Source\Libraries\Blazr.Gallium\Blazr.Gallium.csproj", "{E960B560-6B44-4396-8363-7D1814ED9238}"
EndProject
Project("{FAE04EC0-301F-11D3-BF4B-00C04F79EFBC}") = "Blazr.UI", "Source\Libraries\Blazr.UI\Blazr.UI.csproj", "{38CDE3F5-5989-45D5-8151-240A9BBEC523}"
EndProject
Project("{FAE04EC0-301F-11D3-BF4B-00C04F79EFBC}") = "Blazr.App.Server", "Source\Deployments\Blazr.App.Server\Blazr.App.Server.csproj", "{6043ADAC-53EE-4E2C-8B6F-FAF364C6CDDA}"
EndProject
Project("{FAE04EC0-301F-11D3-BF4B-00C04F79EFBC}") = "Blazr.App.Core", "Source\Application\Blazr.App.Core\Blazr.App.Core.csproj", "{9481E497-AB11-4ACF-995C-06DA8B2F2B03}"
EndProject
Project("{FAE04EC0-301F-11D3-BF4B-00C04F79EFBC}") = "Blazr.App.Infrastructure", "Source\Application\Blazr.App.Infrastructure\Blazr.App.Infrastructure.csproj", "{A52A7269-7F93-461C-B5A2-50CC1398F243}"
EndProject
Project("{FAE04EC0-301F-11D3-BF4B-00C04F79EFBC}") = "Blazr.App.Presentation", "Source\Application\Blazr.App.Presentation\Blazr.App.Presentation.csproj", "{611A7464-686C-4ED7-BE69-B3B9F4CD50B0}"
EndProject
Project("{FAE04EC0-301F-11D3-BF4B-00C04F79EFBC}") = "Blazr.App.Infrastructure.Server", "Source\Application\Blazr.App.Infrastructure.Server\Blazr.App.Infrastructure.Server.csproj", "{E4A11474-C3A8-45D1-8628-6B91C87501D0}"
EndProject
Project("{FAE04EC0-301F-11D3-BF4B-00C04F79EFBC}") = "Blazr.App.UI", "Source\Application\Blazr.App.UI\Blazr.App.UI.csproj", "{C66E9A55-C2A8-4280-BDCB-4FBC278C1384}"
EndProject
Project("{FAE04EC0-301F-11D3-BF4B-00C04F79EFBC}") = "Blazr.App.UI.FluentUI", "Source\Application\Blazr.App.UI.FluentUI\Blazr.App.UI.FluentUI.csproj", "{0455739A-2ED5-40A3-9219-193DAA065CB0}"
EndProject
Project("{FAE04EC0-301F-11D3-BF4B-00C04F79EFBC}") = "Blazr.FluentUI", "Source\Libraries\Blazr.FluentUI\Blazr.FluentUI.csproj", "{66B7BA2B-278F-44C7-B82E-1050DA31C1CB}"
EndProject
Project("{FAE04EC0-301F-11D3-BF4B-00C04F79EFBC}") = "Blazr.App.Presentation.FluentUI", "Source\Application\Blazr.App.Presentation.FluentUI\Blazr.App.Presentation.FluentUI.csproj", "{39CCC59C-004F-4D3E-ABCB-7ED5BCD4E2DC}"
EndProject
Project("{FAE04EC0-301F-11D3-BF4B-00C04F79EFBC}") = "Blazr.App.Presentation.Bootstrap", "Source\Application\Blazr.App.Presentation.Bootstrap\Blazr.App.Presentation.Bootstrap.csproj", "{9CCAC3CF-2969-41C8-8163-355C0D75E02C}"
EndProject
Project("{FAE04EC0-301F-11D3-BF4B-00C04F79EFBC}") = "Blazr.App.Fluent.Server", "Source\Deployments\Blazr.App.Fluent.Server\Blazr.App.Fluent.Server.csproj", "{AD647EEC-A2FE-4E3E-9521-2452CF7F9E4E}"
EndProject
Project("{2150E333-8FDC-42A3-9474-1A3956D46DE8}") = "Aspire", "Aspire", "{AB6E19BD-9E9F-4A78-ABCC-876192892E6E}"
EndProject
Project("{FAE04EC0-301F-11D3-BF4B-00C04F79EFBC}") = "Blazr.Invoice.AppHost", "Source\Aspire\Blazr.Invoice.AppHost\Blazr.Invoice.AppHost.csproj", "{2C1A8AB0-30E9-420D-808F-C2B6513606ED}"
EndProject
Project("{FAE04EC0-301F-11D3-BF4B-00C04F79EFBC}") = "Blazr.Invoice.ServiceDefaults", "Source\Aspire\Blazr.Invoice.ServiceDefaults\Blazr.Invoice.ServiceDefaults.csproj", "{5EC21681-133D-4A16-AA02-D8BA084488BD}"
EndProject
Global
	GlobalSection(SolutionConfigurationPlatforms) = preSolution
		Debug|Any CPU = Debug|Any CPU
		Release|Any CPU = Release|Any CPU
	EndGlobalSection
	GlobalSection(ProjectConfigurationPlatforms) = postSolution
		{06A5091B-3D23-43A0-B865-CEEE9A45A6BA}.Debug|Any CPU.ActiveCfg = Debug|Any CPU
		{06A5091B-3D23-43A0-B865-CEEE9A45A6BA}.Debug|Any CPU.Build.0 = Debug|Any CPU
		{06A5091B-3D23-43A0-B865-CEEE9A45A6BA}.Release|Any CPU.ActiveCfg = Release|Any CPU
		{06A5091B-3D23-43A0-B865-CEEE9A45A6BA}.Release|Any CPU.Build.0 = Release|Any CPU
		{94E008AE-C7E5-4109-B7DB-64ADEDBA180C}.Debug|Any CPU.ActiveCfg = Debug|Any CPU
		{94E008AE-C7E5-4109-B7DB-64ADEDBA180C}.Debug|Any CPU.Build.0 = Debug|Any CPU
		{94E008AE-C7E5-4109-B7DB-64ADEDBA180C}.Release|Any CPU.ActiveCfg = Release|Any CPU
		{94E008AE-C7E5-4109-B7DB-64ADEDBA180C}.Release|Any CPU.Build.0 = Release|Any CPU
		{01AFC482-8851-45BB-8BF5-69A3D4286F63}.Debug|Any CPU.ActiveCfg = Debug|Any CPU
		{01AFC482-8851-45BB-8BF5-69A3D4286F63}.Debug|Any CPU.Build.0 = Debug|Any CPU
		{01AFC482-8851-45BB-8BF5-69A3D4286F63}.Release|Any CPU.ActiveCfg = Release|Any CPU
		{01AFC482-8851-45BB-8BF5-69A3D4286F63}.Release|Any CPU.Build.0 = Release|Any CPU
		{5D62D021-DE9D-4D26-8BB9-26712E2EB1D6}.Debug|Any CPU.ActiveCfg = Debug|Any CPU
		{5D62D021-DE9D-4D26-8BB9-26712E2EB1D6}.Debug|Any CPU.Build.0 = Debug|Any CPU
		{5D62D021-DE9D-4D26-8BB9-26712E2EB1D6}.Release|Any CPU.ActiveCfg = Release|Any CPU
		{5D62D021-DE9D-4D26-8BB9-26712E2EB1D6}.Release|Any CPU.Build.0 = Release|Any CPU
		{BADC69C1-446A-4450-ADF4-7E77077F03A1}.Debug|Any CPU.ActiveCfg = Debug|Any CPU
		{BADC69C1-446A-4450-ADF4-7E77077F03A1}.Debug|Any CPU.Build.0 = Debug|Any CPU
		{BADC69C1-446A-4450-ADF4-7E77077F03A1}.Release|Any CPU.ActiveCfg = Release|Any CPU
		{BADC69C1-446A-4450-ADF4-7E77077F03A1}.Release|Any CPU.Build.0 = Release|Any CPU
		{E960B560-6B44-4396-8363-7D1814ED9238}.Debug|Any CPU.ActiveCfg = Debug|Any CPU
		{E960B560-6B44-4396-8363-7D1814ED9238}.Debug|Any CPU.Build.0 = Debug|Any CPU
		{E960B560-6B44-4396-8363-7D1814ED9238}.Release|Any CPU.ActiveCfg = Release|Any CPU
		{E960B560-6B44-4396-8363-7D1814ED9238}.Release|Any CPU.Build.0 = Release|Any CPU
		{38CDE3F5-5989-45D5-8151-240A9BBEC523}.Debug|Any CPU.ActiveCfg = Debug|Any CPU
		{38CDE3F5-5989-45D5-8151-240A9BBEC523}.Debug|Any CPU.Build.0 = Debug|Any CPU
		{38CDE3F5-5989-45D5-8151-240A9BBEC523}.Release|Any CPU.ActiveCfg = Release|Any CPU
		{38CDE3F5-5989-45D5-8151-240A9BBEC523}.Release|Any CPU.Build.0 = Release|Any CPU
		{6043ADAC-53EE-4E2C-8B6F-FAF364C6CDDA}.Debug|Any CPU.ActiveCfg = Debug|Any CPU
		{6043ADAC-53EE-4E2C-8B6F-FAF364C6CDDA}.Debug|Any CPU.Build.0 = Debug|Any CPU
		{6043ADAC-53EE-4E2C-8B6F-FAF364C6CDDA}.Release|Any CPU.ActiveCfg = Release|Any CPU
		{6043ADAC-53EE-4E2C-8B6F-FAF364C6CDDA}.Release|Any CPU.Build.0 = Release|Any CPU
		{9481E497-AB11-4ACF-995C-06DA8B2F2B03}.Debug|Any CPU.ActiveCfg = Debug|Any CPU
		{9481E497-AB11-4ACF-995C-06DA8B2F2B03}.Debug|Any CPU.Build.0 = Debug|Any CPU
		{9481E497-AB11-4ACF-995C-06DA8B2F2B03}.Release|Any CPU.ActiveCfg = Release|Any CPU
		{9481E497-AB11-4ACF-995C-06DA8B2F2B03}.Release|Any CPU.Build.0 = Release|Any CPU
		{A52A7269-7F93-461C-B5A2-50CC1398F243}.Debug|Any CPU.ActiveCfg = Debug|Any CPU
		{A52A7269-7F93-461C-B5A2-50CC1398F243}.Debug|Any CPU.Build.0 = Debug|Any CPU
		{A52A7269-7F93-461C-B5A2-50CC1398F243}.Release|Any CPU.ActiveCfg = Release|Any CPU
		{A52A7269-7F93-461C-B5A2-50CC1398F243}.Release|Any CPU.Build.0 = Release|Any CPU
		{611A7464-686C-4ED7-BE69-B3B9F4CD50B0}.Debug|Any CPU.ActiveCfg = Debug|Any CPU
		{611A7464-686C-4ED7-BE69-B3B9F4CD50B0}.Debug|Any CPU.Build.0 = Debug|Any CPU
		{611A7464-686C-4ED7-BE69-B3B9F4CD50B0}.Release|Any CPU.ActiveCfg = Release|Any CPU
		{611A7464-686C-4ED7-BE69-B3B9F4CD50B0}.Release|Any CPU.Build.0 = Release|Any CPU
		{E4A11474-C3A8-45D1-8628-6B91C87501D0}.Debug|Any CPU.ActiveCfg = Debug|Any CPU
		{E4A11474-C3A8-45D1-8628-6B91C87501D0}.Debug|Any CPU.Build.0 = Debug|Any CPU
		{E4A11474-C3A8-45D1-8628-6B91C87501D0}.Release|Any CPU.ActiveCfg = Release|Any CPU
		{E4A11474-C3A8-45D1-8628-6B91C87501D0}.Release|Any CPU.Build.0 = Release|Any CPU
		{C66E9A55-C2A8-4280-BDCB-4FBC278C1384}.Debug|Any CPU.ActiveCfg = Debug|Any CPU
		{C66E9A55-C2A8-4280-BDCB-4FBC278C1384}.Debug|Any CPU.Build.0 = Debug|Any CPU
		{C66E9A55-C2A8-4280-BDCB-4FBC278C1384}.Release|Any CPU.ActiveCfg = Release|Any CPU
		{C66E9A55-C2A8-4280-BDCB-4FBC278C1384}.Release|Any CPU.Build.0 = Release|Any CPU
		{0455739A-2ED5-40A3-9219-193DAA065CB0}.Debug|Any CPU.ActiveCfg = Debug|Any CPU
		{0455739A-2ED5-40A3-9219-193DAA065CB0}.Debug|Any CPU.Build.0 = Debug|Any CPU
		{0455739A-2ED5-40A3-9219-193DAA065CB0}.Release|Any CPU.ActiveCfg = Release|Any CPU
		{0455739A-2ED5-40A3-9219-193DAA065CB0}.Release|Any CPU.Build.0 = Release|Any CPU
		{66B7BA2B-278F-44C7-B82E-1050DA31C1CB}.Debug|Any CPU.ActiveCfg = Debug|Any CPU
		{66B7BA2B-278F-44C7-B82E-1050DA31C1CB}.Debug|Any CPU.Build.0 = Debug|Any CPU
		{66B7BA2B-278F-44C7-B82E-1050DA31C1CB}.Release|Any CPU.ActiveCfg = Release|Any CPU
		{66B7BA2B-278F-44C7-B82E-1050DA31C1CB}.Release|Any CPU.Build.0 = Release|Any CPU
		{39CCC59C-004F-4D3E-ABCB-7ED5BCD4E2DC}.Debug|Any CPU.ActiveCfg = Debug|Any CPU
		{39CCC59C-004F-4D3E-ABCB-7ED5BCD4E2DC}.Debug|Any CPU.Build.0 = Debug|Any CPU
		{39CCC59C-004F-4D3E-ABCB-7ED5BCD4E2DC}.Release|Any CPU.ActiveCfg = Release|Any CPU
		{39CCC59C-004F-4D3E-ABCB-7ED5BCD4E2DC}.Release|Any CPU.Build.0 = Release|Any CPU
		{9CCAC3CF-2969-41C8-8163-355C0D75E02C}.Debug|Any CPU.ActiveCfg = Debug|Any CPU
		{9CCAC3CF-2969-41C8-8163-355C0D75E02C}.Debug|Any CPU.Build.0 = Debug|Any CPU
		{9CCAC3CF-2969-41C8-8163-355C0D75E02C}.Release|Any CPU.ActiveCfg = Release|Any CPU
		{9CCAC3CF-2969-41C8-8163-355C0D75E02C}.Release|Any CPU.Build.0 = Release|Any CPU
		{AD647EEC-A2FE-4E3E-9521-2452CF7F9E4E}.Debug|Any CPU.ActiveCfg = Debug|Any CPU
		{AD647EEC-A2FE-4E3E-9521-2452CF7F9E4E}.Debug|Any CPU.Build.0 = Debug|Any CPU
		{AD647EEC-A2FE-4E3E-9521-2452CF7F9E4E}.Release|Any CPU.ActiveCfg = Release|Any CPU
		{AD647EEC-A2FE-4E3E-9521-2452CF7F9E4E}.Release|Any CPU.Build.0 = Release|Any CPU
		{2C1A8AB0-30E9-420D-808F-C2B6513606ED}.Debug|Any CPU.ActiveCfg = Debug|Any CPU
		{2C1A8AB0-30E9-420D-808F-C2B6513606ED}.Debug|Any CPU.Build.0 = Debug|Any CPU
		{2C1A8AB0-30E9-420D-808F-C2B6513606ED}.Release|Any CPU.ActiveCfg = Release|Any CPU
		{2C1A8AB0-30E9-420D-808F-C2B6513606ED}.Release|Any CPU.Build.0 = Release|Any CPU
		{5EC21681-133D-4A16-AA02-D8BA084488BD}.Debug|Any CPU.ActiveCfg = Debug|Any CPU
		{5EC21681-133D-4A16-AA02-D8BA084488BD}.Debug|Any CPU.Build.0 = Debug|Any CPU
		{5EC21681-133D-4A16-AA02-D8BA084488BD}.Release|Any CPU.ActiveCfg = Release|Any CPU
		{5EC21681-133D-4A16-AA02-D8BA084488BD}.Release|Any CPU.Build.0 = Release|Any CPU
	EndGlobalSection
	GlobalSection(SolutionProperties) = preSolution
		HideSolutionNode = FALSE
	EndGlobalSection
	GlobalSection(NestedProjects) = preSolution
		{3AEC2428-B2B0-445A-8EE2-B5AD50322582} = {11221699-4694-4F64-A52E-4361460929A6}
		{92B99618-9A9F-4C67-8749-AB6B53CDA9FF} = {11221699-4694-4F64-A52E-4361460929A6}
		{394E7506-452D-45A8-976B-009640D1F879} = {11221699-4694-4F64-A52E-4361460929A6}
		{06A5091B-3D23-43A0-B865-CEEE9A45A6BA} = {89C4C9A9-F2D5-4766-845C-CFFC206C2D77}
		{94E008AE-C7E5-4109-B7DB-64ADEDBA180C} = {3AEC2428-B2B0-445A-8EE2-B5AD50322582}
		{01AFC482-8851-45BB-8BF5-69A3D4286F63} = {3AEC2428-B2B0-445A-8EE2-B5AD50322582}
		{5D62D021-DE9D-4D26-8BB9-26712E2EB1D6} = {3AEC2428-B2B0-445A-8EE2-B5AD50322582}
		{BADC69C1-446A-4450-ADF4-7E77077F03A1} = {3AEC2428-B2B0-445A-8EE2-B5AD50322582}
		{E960B560-6B44-4396-8363-7D1814ED9238} = {3AEC2428-B2B0-445A-8EE2-B5AD50322582}
		{38CDE3F5-5989-45D5-8151-240A9BBEC523} = {3AEC2428-B2B0-445A-8EE2-B5AD50322582}
		{6043ADAC-53EE-4E2C-8B6F-FAF364C6CDDA} = {394E7506-452D-45A8-976B-009640D1F879}
		{9481E497-AB11-4ACF-995C-06DA8B2F2B03} = {92B99618-9A9F-4C67-8749-AB6B53CDA9FF}
		{A52A7269-7F93-461C-B5A2-50CC1398F243} = {92B99618-9A9F-4C67-8749-AB6B53CDA9FF}
		{611A7464-686C-4ED7-BE69-B3B9F4CD50B0} = {92B99618-9A9F-4C67-8749-AB6B53CDA9FF}
		{E4A11474-C3A8-45D1-8628-6B91C87501D0} = {92B99618-9A9F-4C67-8749-AB6B53CDA9FF}
		{C66E9A55-C2A8-4280-BDCB-4FBC278C1384} = {92B99618-9A9F-4C67-8749-AB6B53CDA9FF}
		{0455739A-2ED5-40A3-9219-193DAA065CB0} = {92B99618-9A9F-4C67-8749-AB6B53CDA9FF}
		{66B7BA2B-278F-44C7-B82E-1050DA31C1CB} = {3AEC2428-B2B0-445A-8EE2-B5AD50322582}
		{39CCC59C-004F-4D3E-ABCB-7ED5BCD4E2DC} = {92B99618-9A9F-4C67-8749-AB6B53CDA9FF}
		{9CCAC3CF-2969-41C8-8163-355C0D75E02C} = {92B99618-9A9F-4C67-8749-AB6B53CDA9FF}
		{AD647EEC-A2FE-4E3E-9521-2452CF7F9E4E} = {394E7506-452D-45A8-976B-009640D1F879}
		{AB6E19BD-9E9F-4A78-ABCC-876192892E6E} = {11221699-4694-4F64-A52E-4361460929A6}
		{2C1A8AB0-30E9-420D-808F-C2B6513606ED} = {AB6E19BD-9E9F-4A78-ABCC-876192892E6E}
		{5EC21681-133D-4A16-AA02-D8BA084488BD} = {AB6E19BD-9E9F-4A78-ABCC-876192892E6E}
	EndGlobalSection
	GlobalSection(ExtensibilityGlobals) = postSolution
		SolutionGuid = {0FA5B7B8-C6B8-4632-BB5B-F36FA196934C}
	EndGlobalSection
EndGlobal
