
Microsoft Visual Studio Solution File, Format Version 12.00
# Visual Studio Version 17
VisualStudioVersion = 17.9.34701.34
MinimumVisualStudioVersion = 10.0.40219.1
Project("{2150E333-8FDC-42A3-9474-1A3956D46DE8}") = "Source", "Source", "{11221699-4694-4F64-A52E-4361460929A6}"
EndProject
Project("{2150E333-8FDC-42A3-9474-1A3956D46DE8}") = "Libraries", "Libraries", "{3AEC2428-B2B0-445A-8EE2-B5AD50322582}"
EndProject
Project("{2150E333-8FDC-42A3-9474-1A3956D46DE8}") = "Applications", "Applications", "{92B99618-9A9F-4C67-8749-AB6B53CDA9FF}"
EndProject
Project("{2150E333-8FDC-42A3-9474-1A3956D46DE8}") = "Deployments", "Deployments", "{394E7506-452D-45A8-976B-009640D1F879}"
EndProject
Project("{2150E333-8FDC-42A3-9474-1A3956D46DE8}") = "Solution Items", "Solution Items", "{BFEE94BF-4971-4B6D-B825-76975D0FCC71}"
	ProjectSection(SolutionItems) = preProject
		Error.txt = Error.txt
	EndProjectSection
EndProject
Project("{2150E333-8FDC-42A3-9474-1A3956D46DE8}") = "Tests", "Tests", "{89C4C9A9-F2D5-4766-845C-CFFC206C2D77}"
EndProject
Project("{2150E333-8FDC-42A3-9474-1A3956D46DE8}") = "Aspire", "Aspire", "{AB6E19BD-9E9F-4A78-ABCC-876192892E6E}"
EndProject
Project("{FAE04EC0-301F-11D3-BF4B-00C04F79EFBC}") = "DataPipelineTests", "..\..\Tests\DataPipelineTests\DataPipelineTests.csproj", "{D0EE4FE6-E263-B06D-4A18-FD9EDD804D42}"
EndProject
Project("{FAE04EC0-301F-11D3-BF4B-00C04F79EFBC}") = "Blazor.Antimony", "..\Libraries\Blazor.Antimony\Blazor.Antimony.csproj", "{98CD1617-8A16-7E59-3C7C-5535480903A7}"
EndProject
Project("{FAE04EC0-301F-11D3-BF4B-00C04F79EFBC}") = "Blazr.Antimony.Server", "..\Libraries\Blazr.Antimony.Server\Blazr.Antimony.Server.csproj", "{AD66D0ED-5CBB-C6F6-A26F-69ECFCF03C09}"
EndProject
Project("{FAE04EC0-301F-11D3-BF4B-00C04F79EFBC}") = "Blazr.EditStateTracker", "..\Libraries\Blazr.EditStateTracker\Blazr.EditStateTracker.csproj", "{9B647938-6435-38CA-0AD9-91D1BBF66CAB}"
EndProject
Project("{FAE04EC0-301F-11D3-BF4B-00C04F79EFBC}") = "Blazr.FluentUI", "..\Libraries\Blazr.FluentUI\Blazr.FluentUI.csproj", "{0DC6B751-51E4-B9D0-CF21-8539CCB04B67}"
EndProject
Project("{FAE04EC0-301F-11D3-BF4B-00C04F79EFBC}") = "Blazr.Gallium", "..\Libraries\Blazr.Gallium\Blazr.Gallium.csproj", "{FA994CF3-A3C0-2F09-B77F-D632BCBC66B3}"
EndProject
Project("{FAE04EC0-301F-11D3-BF4B-00C04F79EFBC}") = "Blazr.FluentValidation", "..\Libraries\Blazr.FluentValidation\Blazr.FluentValidation.csproj", "{AFD6EA39-C5F1-57E6-D8F0-E6EE0CC4CA44}"
EndProject
Project("{FAE04EC0-301F-11D3-BF4B-00C04F79EFBC}") = "Blazr.UI", "..\Libraries\Blazr.UI\Blazr.UI.csproj", "{CFAB4B41-53DA-8EE9-5A30-657BD53318A8}"
EndProject
Project("{FAE04EC0-301F-11D3-BF4B-00C04F79EFBC}") = "Blazr.App.Fluent.Server", "Deployments\Blazr.App.Fluent.Server\Blazr.App.Fluent.Server.csproj", "{AD622B0E-D66B-0077-5398-6A5430E9CB0D}"
EndProject
Project("{FAE04EC0-301F-11D3-BF4B-00C04F79EFBC}") = "Blazr.App.Server", "Deployments\Blazr.App.Server\Blazr.App.Server.csproj", "{CAD145C8-03C5-B69A-E9A2-C822B3C7735D}"
EndProject
Project("{FAE04EC0-301F-11D3-BF4B-00C04F79EFBC}") = "Blazr.App.Core", "Application\Blazr.App.Core\Blazr.App.Core.csproj", "{FC8FBB24-B941-1BD3-CDD2-27610EFA4973}"
EndProject
Project("{FAE04EC0-301F-11D3-BF4B-00C04F79EFBC}") = "Blazr.App.Infrastructure", "Application\Blazr.App.Infrastructure\Blazr.App.Infrastructure.csproj", "{69FEDD7E-F124-DC5F-3A66-4ED466F72182}"
EndProject
Project("{FAE04EC0-301F-11D3-BF4B-00C04F79EFBC}") = "Blazr.App.Infrastructure.API", "Application\Blazr.App.Infrastructure.API\Blazr.App.Infrastructure.API.csproj", "{FC49F8D0-0030-5C87-F524-E0BC7F330F46}"
EndProject
Project("{FAE04EC0-301F-11D3-BF4B-00C04F79EFBC}") = "Blazr.App.Infrastructure.Server", "Application\Blazr.App.Infrastructure.Server\Blazr.App.Infrastructure.Server.csproj", "{BCF858DA-5AFB-381F-E184-FA7666AEEEE1}"
EndProject
Project("{FAE04EC0-301F-11D3-BF4B-00C04F79EFBC}") = "Blazr.App.Presentation", "Application\Blazr.App.Presentation\Blazr.App.Presentation.csproj", "{D2100752-DB42-AC6A-0ADB-8FA4FA478767}"
EndProject
Project("{FAE04EC0-301F-11D3-BF4B-00C04F79EFBC}") = "Blazr.App.Presentation.Bootstrap", "Application\Blazr.App.Presentation.Bootstrap\Blazr.App.Presentation.Bootstrap.csproj", "{D5E9FFA4-C739-D12D-780F-D9AD54A0AF07}"
EndProject
Project("{FAE04EC0-301F-11D3-BF4B-00C04F79EFBC}") = "Blazr.App.Presentation.FluentUI", "Application\Blazr.App.Presentation.FluentUI\Blazr.App.Presentation.FluentUI.csproj", "{1A3B3412-E6DA-5CC1-56A9-1A814770C741}"
EndProject
Project("{FAE04EC0-301F-11D3-BF4B-00C04F79EFBC}") = "Blazr.App.UI", "Application\Blazr.App.UI\Blazr.App.UI.csproj", "{85054569-F2B0-FDCB-5506-8A1B55AF75FC}"
EndProject
Project("{FAE04EC0-301F-11D3-BF4B-00C04F79EFBC}") = "Blazr.App.UI.FluentUI", "Application\Blazr.App.UI.FluentUI\Blazr.App.UI.FluentUI.csproj", "{A7F63E21-8982-E773-CD5B-CB99B09F1FC1}"
EndProject
Global
	GlobalSection(SolutionConfigurationPlatforms) = preSolution
		Debug|Any CPU = Debug|Any CPU
		Release|Any CPU = Release|Any CPU
	EndGlobalSection
	GlobalSection(ProjectConfigurationPlatforms) = postSolution
		{D0EE4FE6-E263-B06D-4A18-FD9EDD804D42}.Debug|Any CPU.ActiveCfg = Debug|Any CPU
		{D0EE4FE6-E263-B06D-4A18-FD9EDD804D42}.Debug|Any CPU.Build.0 = Debug|Any CPU
		{D0EE4FE6-E263-B06D-4A18-FD9EDD804D42}.Release|Any CPU.ActiveCfg = Release|Any CPU
		{D0EE4FE6-E263-B06D-4A18-FD9EDD804D42}.Release|Any CPU.Build.0 = Release|Any CPU
		{98CD1617-8A16-7E59-3C7C-5535480903A7}.Debug|Any CPU.ActiveCfg = Debug|Any CPU
		{98CD1617-8A16-7E59-3C7C-5535480903A7}.Debug|Any CPU.Build.0 = Debug|Any CPU
		{98CD1617-8A16-7E59-3C7C-5535480903A7}.Release|Any CPU.ActiveCfg = Release|Any CPU
		{98CD1617-8A16-7E59-3C7C-5535480903A7}.Release|Any CPU.Build.0 = Release|Any CPU
		{AD66D0ED-5CBB-C6F6-A26F-69ECFCF03C09}.Debug|Any CPU.ActiveCfg = Debug|Any CPU
		{AD66D0ED-5CBB-C6F6-A26F-69ECFCF03C09}.Debug|Any CPU.Build.0 = Debug|Any CPU
		{AD66D0ED-5CBB-C6F6-A26F-69ECFCF03C09}.Release|Any CPU.ActiveCfg = Release|Any CPU
		{AD66D0ED-5CBB-C6F6-A26F-69ECFCF03C09}.Release|Any CPU.Build.0 = Release|Any CPU
		{9B647938-6435-38CA-0AD9-91D1BBF66CAB}.Debug|Any CPU.ActiveCfg = Debug|Any CPU
		{9B647938-6435-38CA-0AD9-91D1BBF66CAB}.Debug|Any CPU.Build.0 = Debug|Any CPU
		{9B647938-6435-38CA-0AD9-91D1BBF66CAB}.Release|Any CPU.ActiveCfg = Release|Any CPU
		{9B647938-6435-38CA-0AD9-91D1BBF66CAB}.Release|Any CPU.Build.0 = Release|Any CPU
		{0DC6B751-51E4-B9D0-CF21-8539CCB04B67}.Debug|Any CPU.ActiveCfg = Debug|Any CPU
		{0DC6B751-51E4-B9D0-CF21-8539CCB04B67}.Debug|Any CPU.Build.0 = Debug|Any CPU
		{0DC6B751-51E4-B9D0-CF21-8539CCB04B67}.Release|Any CPU.ActiveCfg = Release|Any CPU
		{0DC6B751-51E4-B9D0-CF21-8539CCB04B67}.Release|Any CPU.Build.0 = Release|Any CPU
		{FA994CF3-A3C0-2F09-B77F-D632BCBC66B3}.Debug|Any CPU.ActiveCfg = Debug|Any CPU
		{FA994CF3-A3C0-2F09-B77F-D632BCBC66B3}.Debug|Any CPU.Build.0 = Debug|Any CPU
		{FA994CF3-A3C0-2F09-B77F-D632BCBC66B3}.Release|Any CPU.ActiveCfg = Release|Any CPU
		{FA994CF3-A3C0-2F09-B77F-D632BCBC66B3}.Release|Any CPU.Build.0 = Release|Any CPU
		{AFD6EA39-C5F1-57E6-D8F0-E6EE0CC4CA44}.Debug|Any CPU.ActiveCfg = Debug|Any CPU
		{AFD6EA39-C5F1-57E6-D8F0-E6EE0CC4CA44}.Debug|Any CPU.Build.0 = Debug|Any CPU
		{AFD6EA39-C5F1-57E6-D8F0-E6EE0CC4CA44}.Release|Any CPU.ActiveCfg = Release|Any CPU
		{AFD6EA39-C5F1-57E6-D8F0-E6EE0CC4CA44}.Release|Any CPU.Build.0 = Release|Any CPU
		{CFAB4B41-53DA-8EE9-5A30-657BD53318A8}.Debug|Any CPU.ActiveCfg = Debug|Any CPU
		{CFAB4B41-53DA-8EE9-5A30-657BD53318A8}.Debug|Any CPU.Build.0 = Debug|Any CPU
		{CFAB4B41-53DA-8EE9-5A30-657BD53318A8}.Release|Any CPU.ActiveCfg = Release|Any CPU
		{CFAB4B41-53DA-8EE9-5A30-657BD53318A8}.Release|Any CPU.Build.0 = Release|Any CPU
		{AD622B0E-D66B-0077-5398-6A5430E9CB0D}.Debug|Any CPU.ActiveCfg = Debug|Any CPU
		{AD622B0E-D66B-0077-5398-6A5430E9CB0D}.Debug|Any CPU.Build.0 = Debug|Any CPU
		{AD622B0E-D66B-0077-5398-6A5430E9CB0D}.Release|Any CPU.ActiveCfg = Release|Any CPU
		{AD622B0E-D66B-0077-5398-6A5430E9CB0D}.Release|Any CPU.Build.0 = Release|Any CPU
		{CAD145C8-03C5-B69A-E9A2-C822B3C7735D}.Debug|Any CPU.ActiveCfg = Debug|Any CPU
		{CAD145C8-03C5-B69A-E9A2-C822B3C7735D}.Debug|Any CPU.Build.0 = Debug|Any CPU
		{CAD145C8-03C5-B69A-E9A2-C822B3C7735D}.Release|Any CPU.ActiveCfg = Release|Any CPU
		{CAD145C8-03C5-B69A-E9A2-C822B3C7735D}.Release|Any CPU.Build.0 = Release|Any CPU
		{FC8FBB24-B941-1BD3-CDD2-27610EFA4973}.Debug|Any CPU.ActiveCfg = Debug|Any CPU
		{FC8FBB24-B941-1BD3-CDD2-27610EFA4973}.Debug|Any CPU.Build.0 = Debug|Any CPU
		{FC8FBB24-B941-1BD3-CDD2-27610EFA4973}.Release|Any CPU.ActiveCfg = Release|Any CPU
		{FC8FBB24-B941-1BD3-CDD2-27610EFA4973}.Release|Any CPU.Build.0 = Release|Any CPU
		{69FEDD7E-F124-DC5F-3A66-4ED466F72182}.Debug|Any CPU.ActiveCfg = Debug|Any CPU
		{69FEDD7E-F124-DC5F-3A66-4ED466F72182}.Debug|Any CPU.Build.0 = Debug|Any CPU
		{69FEDD7E-F124-DC5F-3A66-4ED466F72182}.Release|Any CPU.ActiveCfg = Release|Any CPU
		{69FEDD7E-F124-DC5F-3A66-4ED466F72182}.Release|Any CPU.Build.0 = Release|Any CPU
		{FC49F8D0-0030-5C87-F524-E0BC7F330F46}.Debug|Any CPU.ActiveCfg = Debug|Any CPU
		{FC49F8D0-0030-5C87-F524-E0BC7F330F46}.Debug|Any CPU.Build.0 = Debug|Any CPU
		{FC49F8D0-0030-5C87-F524-E0BC7F330F46}.Release|Any CPU.ActiveCfg = Release|Any CPU
		{FC49F8D0-0030-5C87-F524-E0BC7F330F46}.Release|Any CPU.Build.0 = Release|Any CPU
		{BCF858DA-5AFB-381F-E184-FA7666AEEEE1}.Debug|Any CPU.ActiveCfg = Debug|Any CPU
		{BCF858DA-5AFB-381F-E184-FA7666AEEEE1}.Debug|Any CPU.Build.0 = Debug|Any CPU
		{BCF858DA-5AFB-381F-E184-FA7666AEEEE1}.Release|Any CPU.ActiveCfg = Release|Any CPU
		{BCF858DA-5AFB-381F-E184-FA7666AEEEE1}.Release|Any CPU.Build.0 = Release|Any CPU
		{D2100752-DB42-AC6A-0ADB-8FA4FA478767}.Debug|Any CPU.ActiveCfg = Debug|Any CPU
		{D2100752-DB42-AC6A-0ADB-8FA4FA478767}.Debug|Any CPU.Build.0 = Debug|Any CPU
		{D2100752-DB42-AC6A-0ADB-8FA4FA478767}.Release|Any CPU.ActiveCfg = Release|Any CPU
		{D2100752-DB42-AC6A-0ADB-8FA4FA478767}.Release|Any CPU.Build.0 = Release|Any CPU
		{D5E9FFA4-C739-D12D-780F-D9AD54A0AF07}.Debug|Any CPU.ActiveCfg = Debug|Any CPU
		{D5E9FFA4-C739-D12D-780F-D9AD54A0AF07}.Debug|Any CPU.Build.0 = Debug|Any CPU
		{D5E9FFA4-C739-D12D-780F-D9AD54A0AF07}.Release|Any CPU.ActiveCfg = Release|Any CPU
		{D5E9FFA4-C739-D12D-780F-D9AD54A0AF07}.Release|Any CPU.Build.0 = Release|Any CPU
		{1A3B3412-E6DA-5CC1-56A9-1A814770C741}.Debug|Any CPU.ActiveCfg = Debug|Any CPU
		{1A3B3412-E6DA-5CC1-56A9-1A814770C741}.Debug|Any CPU.Build.0 = Debug|Any CPU
		{1A3B3412-E6DA-5CC1-56A9-1A814770C741}.Release|Any CPU.ActiveCfg = Release|Any CPU
		{1A3B3412-E6DA-5CC1-56A9-1A814770C741}.Release|Any CPU.Build.0 = Release|Any CPU
		{85054569-F2B0-FDCB-5506-8A1B55AF75FC}.Debug|Any CPU.ActiveCfg = Debug|Any CPU
		{85054569-F2B0-FDCB-5506-8A1B55AF75FC}.Debug|Any CPU.Build.0 = Debug|Any CPU
		{85054569-F2B0-FDCB-5506-8A1B55AF75FC}.Release|Any CPU.ActiveCfg = Release|Any CPU
		{85054569-F2B0-FDCB-5506-8A1B55AF75FC}.Release|Any CPU.Build.0 = Release|Any CPU
		{A7F63E21-8982-E773-CD5B-CB99B09F1FC1}.Debug|Any CPU.ActiveCfg = Debug|Any CPU
		{A7F63E21-8982-E773-CD5B-CB99B09F1FC1}.Debug|Any CPU.Build.0 = Debug|Any CPU
		{A7F63E21-8982-E773-CD5B-CB99B09F1FC1}.Release|Any CPU.ActiveCfg = Release|Any CPU
		{A7F63E21-8982-E773-CD5B-CB99B09F1FC1}.Release|Any CPU.Build.0 = Release|Any CPU
	EndGlobalSection
	GlobalSection(SolutionProperties) = preSolution
		HideSolutionNode = FALSE
	EndGlobalSection
	GlobalSection(NestedProjects) = preSolution
		{3AEC2428-B2B0-445A-8EE2-B5AD50322582} = {11221699-4694-4F64-A52E-4361460929A6}
		{92B99618-9A9F-4C67-8749-AB6B53CDA9FF} = {11221699-4694-4F64-A52E-4361460929A6}
		{394E7506-452D-45A8-976B-009640D1F879} = {11221699-4694-4F64-A52E-4361460929A6}
		{AB6E19BD-9E9F-4A78-ABCC-876192892E6E} = {11221699-4694-4F64-A52E-4361460929A6}
		{D0EE4FE6-E263-B06D-4A18-FD9EDD804D42} = {89C4C9A9-F2D5-4766-845C-CFFC206C2D77}
		{98CD1617-8A16-7E59-3C7C-5535480903A7} = {3AEC2428-B2B0-445A-8EE2-B5AD50322582}
		{AD66D0ED-5CBB-C6F6-A26F-69ECFCF03C09} = {3AEC2428-B2B0-445A-8EE2-B5AD50322582}
		{9B647938-6435-38CA-0AD9-91D1BBF66CAB} = {3AEC2428-B2B0-445A-8EE2-B5AD50322582}
		{0DC6B751-51E4-B9D0-CF21-8539CCB04B67} = {3AEC2428-B2B0-445A-8EE2-B5AD50322582}
		{FA994CF3-A3C0-2F09-B77F-D632BCBC66B3} = {3AEC2428-B2B0-445A-8EE2-B5AD50322582}
		{AFD6EA39-C5F1-57E6-D8F0-E6EE0CC4CA44} = {3AEC2428-B2B0-445A-8EE2-B5AD50322582}
		{CFAB4B41-53DA-8EE9-5A30-657BD53318A8} = {3AEC2428-B2B0-445A-8EE2-B5AD50322582}
		{AD622B0E-D66B-0077-5398-6A5430E9CB0D} = {394E7506-452D-45A8-976B-009640D1F879}
		{CAD145C8-03C5-B69A-E9A2-C822B3C7735D} = {394E7506-452D-45A8-976B-009640D1F879}
		{FC8FBB24-B941-1BD3-CDD2-27610EFA4973} = {92B99618-9A9F-4C67-8749-AB6B53CDA9FF}
		{69FEDD7E-F124-DC5F-3A66-4ED466F72182} = {92B99618-9A9F-4C67-8749-AB6B53CDA9FF}
		{FC49F8D0-0030-5C87-F524-E0BC7F330F46} = {92B99618-9A9F-4C67-8749-AB6B53CDA9FF}
		{BCF858DA-5AFB-381F-E184-FA7666AEEEE1} = {92B99618-9A9F-4C67-8749-AB6B53CDA9FF}
		{D2100752-DB42-AC6A-0ADB-8FA4FA478767} = {92B99618-9A9F-4C67-8749-AB6B53CDA9FF}
		{D5E9FFA4-C739-D12D-780F-D9AD54A0AF07} = {92B99618-9A9F-4C67-8749-AB6B53CDA9FF}
		{1A3B3412-E6DA-5CC1-56A9-1A814770C741} = {92B99618-9A9F-4C67-8749-AB6B53CDA9FF}
		{85054569-F2B0-FDCB-5506-8A1B55AF75FC} = {92B99618-9A9F-4C67-8749-AB6B53CDA9FF}
		{A7F63E21-8982-E773-CD5B-CB99B09F1FC1} = {92B99618-9A9F-4C67-8749-AB6B53CDA9FF}
	EndGlobalSection
	GlobalSection(ExtensibilityGlobals) = postSolution
		SolutionGuid = {0FA5B7B8-C6B8-4632-BB5B-F36FA196934C}
	EndGlobalSection
EndGlobal
